
Microsoft Visual Studio Solution File, Format Version 12.00
# Visual Studio Version 16
VisualStudioVersion = 16.0.31729.503
MinimumVisualStudioVersion = 10.0.40219.1
Project("{9A19103F-16F7-4668-BE54-9A1E7A4F7556}") = "Methods", "Methods\Methods.csproj", "{C1D173BE-2C74-4A12-B0A0-7F8AC848C0C0}"
EndProject
Global
	GlobalSection(SolutionConfigurationPlatforms) = preSolution
		Debug|Any CPU = Debug|Any CPU
		Release|Any CPU = Release|Any CPU
	EndGlobalSection
	GlobalSection(ProjectConfigurationPlatforms) = postSolution
		{C1D173BE-2C74-4A12-B0A0-7F8AC848C0C0}.Debug|Any CPU.ActiveCfg = Debug|Any CPU
		{C1D173BE-2C74-4A12-B0A0-7F8AC848C0C0}.Debug|Any CPU.Build.0 = Debug|Any CPU
		{C1D173BE-2C74-4A12-B0A0-7F8AC848C0C0}.Release|Any CPU.ActiveCfg = Release|Any CPU
		{C1D173BE-2C74-4A12-B0A0-7F8AC848C0C0}.Release|Any CPU.Build.0 = Release|Any CPU
	EndGlobalSection
	GlobalSection(SolutionProperties) = preSolution
		HideSolutionNode = FALSE
	EndGlobalSection
	GlobalSection(ExtensibilityGlobals) = postSolution
		SolutionGuid = {334A1F0C-2470-4677-8298-36EF232AE85E}
	EndGlobalSection
EndGlobal
