
Microsoft Visual Studio Solution File, Format Version 12.00
# Visual Studio Version 16
VisualStudioVersion = 16.0.31729.503
MinimumVisualStudioVersion = 10.0.40219.1
Project("{FAE04EC0-301F-11D3-BF4B-00C04F79EFBC}") = "Inheritance", "Inheritance\Inheritance.csproj", "{78392C3A-DD31-41AC-8B88-4B1576B576E8}"
EndProject
Global
	GlobalSection(SolutionConfigurationPlatforms) = preSolution
		Debug|Any CPU = Debug|Any CPU
		Release|Any CPU = Release|Any CPU
	EndGlobalSection
	GlobalSection(ProjectConfigurationPlatforms) = postSolution
		{78392C3A-DD31-41AC-8B88-4B1576B576E8}.Debug|Any CPU.ActiveCfg = Debug|Any CPU
		{78392C3A-DD31-41AC-8B88-4B1576B576E8}.Debug|Any CPU.Build.0 = Debug|Any CPU
		{78392C3A-DD31-41AC-8B88-4B1576B576E8}.Release|Any CPU.ActiveCfg = Release|Any CPU
		{78392C3A-DD31-41AC-8B88-4B1576B576E8}.Release|Any CPU.Build.0 = Release|Any CPU
	EndGlobalSection
	GlobalSection(SolutionProperties) = preSolution
		HideSolutionNode = FALSE
	EndGlobalSection
	GlobalSection(ExtensibilityGlobals) = postSolution
		SolutionGuid = {22E4E0B7-A2B9-444A-BD3E-499A2B0FA49E}
	EndGlobalSection
EndGlobal
